// !$*UTF8*$!
{
	archiveVersion = 1;
	classes = {
	};
	objectVersion = 46;
	objects = {

/* Begin PBXBuildFile section */
		4914788418E3996C0083871D /* Foundation.framework in Frameworks */ = {isa = PBXBuildFile; fileRef = 4914788318E3996C0083871D /* Foundation.framework */; };
		4914788618E3996C0083871D /* CoreGraphics.framework in Frameworks */ = {isa = PBXBuildFile; fileRef = 4914788518E3996C0083871D /* CoreGraphics.framework */; };
		4914788818E3996C0083871D /* UIKit.framework in Frameworks */ = {isa = PBXBuildFile; fileRef = 4914788718E3996C0083871D /* UIKit.framework */; };
		4914788A18E3996C0083871D /* CoreData.framework in Frameworks */ = {isa = PBXBuildFile; fileRef = 4914788918E3996C0083871D /* CoreData.framework */; };
		4914789018E3996C0083871D /* InfoPlist.strings in Resources */ = {isa = PBXBuildFile; fileRef = 4914788E18E3996C0083871D /* InfoPlist.strings */; };
		4914789218E3996C0083871D /* main.m in Sources */ = {isa = PBXBuildFile; fileRef = 4914789118E3996C0083871D /* main.m */; };
		4914789618E3996C0083871D /* AppDelegate.m in Sources */ = {isa = PBXBuildFile; fileRef = 4914789518E3996C0083871D /* AppDelegate.m */; };
		4914789918E3996C0083871D /* Main.storyboard in Resources */ = {isa = PBXBuildFile; fileRef = 4914789718E3996C0083871D /* Main.storyboard */; };
		4914789C18E3996C0083871D /* CoreDataExample.xcdatamodeld in Sources */ = {isa = PBXBuildFile; fileRef = 4914789A18E3996C0083871D /* CoreDataExample.xcdatamodeld */; };
		4914789F18E3996C0083871D /* MasterViewController.m in Sources */ = {isa = PBXBuildFile; fileRef = 4914789E18E3996C0083871D /* MasterViewController.m */; };
		491478A218E3996C0083871D /* DetailViewController.m in Sources */ = {isa = PBXBuildFile; fileRef = 491478A118E3996C0083871D /* DetailViewController.m */; };
		491478A418E3996C0083871D /* Images.xcassets in Resources */ = {isa = PBXBuildFile; fileRef = 491478A318E3996C0083871D /* Images.xcassets */; };
		491478AB18E3996C0083871D /* XCTest.framework in Frameworks */ = {isa = PBXBuildFile; fileRef = 491478AA18E3996C0083871D /* XCTest.framework */; };
		491478AC18E3996C0083871D /* Foundation.framework in Frameworks */ = {isa = PBXBuildFile; fileRef = 4914788318E3996C0083871D /* Foundation.framework */; };
		491478AD18E3996C0083871D /* UIKit.framework in Frameworks */ = {isa = PBXBuildFile; fileRef = 4914788718E3996C0083871D /* UIKit.framework */; };
		491478AE18E3996C0083871D /* CoreData.framework in Frameworks */ = {isa = PBXBuildFile; fileRef = 4914788918E3996C0083871D /* CoreData.framework */; };
		491478B618E3996C0083871D /* InfoPlist.strings in Resources */ = {isa = PBXBuildFile; fileRef = 491478B418E3996C0083871D /* InfoPlist.strings */; };
		491478B818E3996C0083871D /* CoreDataExampleTests.m in Sources */ = {isa = PBXBuildFile; fileRef = 491478B718E3996C0083871D /* CoreDataExampleTests.m */; };
		4953FE0D18E6343400792F85 /* Contact.m in Sources */ = {isa = PBXBuildFile; fileRef = 4953FE0C18E6343400792F85 /* Contact.m */; };
		4953FE1018E635A100792F85 /* CoreDataTableViewController.m in Sources */ = {isa = PBXBuildFile; fileRef = 4953FE0F18E635A100792F85 /* CoreDataTableViewController.m */; };
/* End PBXBuildFile section */

/* Begin PBXContainerItemProxy section */
		491478AF18E3996C0083871D /* PBXContainerItemProxy */ = {
			isa = PBXContainerItemProxy;
			containerPortal = 4914787818E3996C0083871D /* Project object */;
			proxyType = 1;
			remoteGlobalIDString = 4914787F18E3996C0083871D;
			remoteInfo = CoreDataExample;
		};
/* End PBXContainerItemProxy section */

/* Begin PBXFileReference section */
		4914788018E3996C0083871D /* CoreDataExample.app */ = {isa = PBXFileReference; explicitFileType = wrapper.application; includeInIndex = 0; path = CoreDataExample.app; sourceTree = BUILT_PRODUCTS_DIR; };
		4914788318E3996C0083871D /* Foundation.framework */ = {isa = PBXFileReference; lastKnownFileType = wrapper.framework; name = Foundation.framework; path = System/Library/Frameworks/Foundation.framework; sourceTree = SDKROOT; };
		4914788518E3996C0083871D /* CoreGraphics.framework */ = {isa = PBXFileReference; lastKnownFileType = wrapper.framework; name = CoreGraphics.framework; path = System/Library/Frameworks/CoreGraphics.framework; sourceTree = SDKROOT; };
		4914788718E3996C0083871D /* UIKit.framework */ = {isa = PBXFileReference; lastKnownFileType = wrapper.framework; name = UIKit.framework; path = System/Library/Frameworks/UIKit.framework; sourceTree = SDKROOT; };
		4914788918E3996C0083871D /* CoreData.framework */ = {isa = PBXFileReference; lastKnownFileType = wrapper.framework; name = CoreData.framework; path = System/Library/Frameworks/CoreData.framework; sourceTree = SDKROOT; };
		4914788D18E3996C0083871D /* CoreDataExample-Info.plist */ = {isa = PBXFileReference; lastKnownFileType = text.plist.xml; path = "CoreDataExample-Info.plist"; sourceTree = "<group>"; };
		4914788F18E3996C0083871D /* en */ = {isa = PBXFileReference; lastKnownFileType = text.plist.strings; name = en; path = en.lproj/InfoPlist.strings; sourceTree = "<group>"; };
		4914789118E3996C0083871D /* main.m */ = {isa = PBXFileReference; lastKnownFileType = sourcecode.c.objc; path = main.m; sourceTree = "<group>"; };
		4914789318E3996C0083871D /* CoreDataExample-Prefix.pch */ = {isa = PBXFileReference; lastKnownFileType = sourcecode.c.h; path = "CoreDataExample-Prefix.pch"; sourceTree = "<group>"; };
		4914789418E3996C0083871D /* AppDelegate.h */ = {isa = PBXFileReference; lastKnownFileType = sourcecode.c.h; path = AppDelegate.h; sourceTree = "<group>"; };
		4914789518E3996C0083871D /* AppDelegate.m */ = {isa = PBXFileReference; lastKnownFileType = sourcecode.c.objc; path = AppDelegate.m; sourceTree = "<group>"; };
		4914789818E3996C0083871D /* Base */ = {isa = PBXFileReference; lastKnownFileType = file.storyboard; name = Base; path = Base.lproj/Main.storyboard; sourceTree = "<group>"; };
		4914789B18E3996C0083871D /* CoreDataExample.xcdatamodel */ = {isa = PBXFileReference; lastKnownFileType = wrapper.xcdatamodel; path = CoreDataExample.xcdatamodel; sourceTree = "<group>"; };
		4914789D18E3996C0083871D /* MasterViewController.h */ = {isa = PBXFileReference; lastKnownFileType = sourcecode.c.h; path = MasterViewController.h; sourceTree = "<group>"; };
		4914789E18E3996C0083871D /* MasterViewController.m */ = {isa = PBXFileReference; lastKnownFileType = sourcecode.c.objc; path = MasterViewController.m; sourceTree = "<group>"; };
		491478A018E3996C0083871D /* DetailViewController.h */ = {isa = PBXFileReference; lastKnownFileType = sourcecode.c.h; path = DetailViewController.h; sourceTree = "<group>"; };
		491478A118E3996C0083871D /* DetailViewController.m */ = {isa = PBXFileReference; lastKnownFileType = sourcecode.c.objc; path = DetailViewController.m; sourceTree = "<group>"; };
		491478A318E3996C0083871D /* Images.xcassets */ = {isa = PBXFileReference; lastKnownFileType = folder.assetcatalog; path = Images.xcassets; sourceTree = "<group>"; };
		491478A918E3996C0083871D /* CoreDataExampleTests.xctest */ = {isa = PBXFileReference; explicitFileType = wrapper.cfbundle; includeInIndex = 0; path = CoreDataExampleTests.xctest; sourceTree = BUILT_PRODUCTS_DIR; };
		491478AA18E3996C0083871D /* XCTest.framework */ = {isa = PBXFileReference; lastKnownFileType = wrapper.framework; name = XCTest.framework; path = Library/Frameworks/XCTest.framework; sourceTree = DEVELOPER_DIR; };
		491478B318E3996C0083871D /* CoreDataExampleTests-Info.plist */ = {isa = PBXFileReference; lastKnownFileType = text.plist.xml; path = "CoreDataExampleTests-Info.plist"; sourceTree = "<group>"; };
		491478B518E3996C0083871D /* en */ = {isa = PBXFileReference; lastKnownFileType = text.plist.strings; name = en; path = en.lproj/InfoPlist.strings; sourceTree = "<group>"; };
		491478B718E3996C0083871D /* CoreDataExampleTests.m */ = {isa = PBXFileReference; lastKnownFileType = sourcecode.c.objc; path = CoreDataExampleTests.m; sourceTree = "<group>"; };
		4953FE0B18E6343400792F85 /* Contact.h */ = {isa = PBXFileReference; fileEncoding = 4; lastKnownFileType = sourcecode.c.h; path = Contact.h; sourceTree = "<group>"; };
		4953FE0C18E6343400792F85 /* Contact.m */ = {isa = PBXFileReference; fileEncoding = 4; lastKnownFileType = sourcecode.c.objc; path = Contact.m; sourceTree = "<group>"; };
		4953FE0E18E635A100792F85 /* CoreDataTableViewController.h */ = {isa = PBXFileReference; fileEncoding = 4; lastKnownFileType = sourcecode.c.h; path = CoreDataTableViewController.h; sourceTree = "<group>"; };
		4953FE0F18E635A100792F85 /* CoreDataTableViewController.m */ = {isa = PBXFileReference; fileEncoding = 4; lastKnownFileType = sourcecode.c.objc; path = CoreDataTableViewController.m; sourceTree = "<group>"; };
/* End PBXFileReference section */

/* Begin PBXFrameworksBuildPhase section */
		4914787D18E3996C0083871D /* Frameworks */ = {
			isa = PBXFrameworksBuildPhase;
			buildActionMask = 2147483647;
			files = (
				4914788618E3996C0083871D /* CoreGraphics.framework in Frameworks */,
				4914788A18E3996C0083871D /* CoreData.framework in Frameworks */,
				4914788818E3996C0083871D /* UIKit.framework in Frameworks */,
				4914788418E3996C0083871D /* Foundation.framework in Frameworks */,
			);
			runOnlyForDeploymentPostprocessing = 0;
		};
		491478A618E3996C0083871D /* Frameworks */ = {
			isa = PBXFrameworksBuildPhase;
			buildActionMask = 2147483647;
			files = (
				491478AB18E3996C0083871D /* XCTest.framework in Frameworks */,
				491478AE18E3996C0083871D /* CoreData.framework in Frameworks */,
				491478AD18E3996C0083871D /* UIKit.framework in Frameworks */,
				491478AC18E3996C0083871D /* Foundation.framework in Frameworks */,
			);
			runOnlyForDeploymentPostprocessing = 0;
		};
/* End PBXFrameworksBuildPhase section */

/* Begin PBXGroup section */
		4914787718E3996C0083871D = {
			isa = PBXGroup;
			children = (
				4914788B18E3996C0083871D /* CoreDataExample */,
				491478B118E3996C0083871D /* CoreDataExampleTests */,
				4914788218E3996C0083871D /* Frameworks */,
				4914788118E3996C0083871D /* Products */,
			);
			sourceTree = "<group>";
		};
		4914788118E3996C0083871D /* Products */ = {
			isa = PBXGroup;
			children = (
				4914788018E3996C0083871D /* CoreDataExample.app */,
				491478A918E3996C0083871D /* CoreDataExampleTests.xctest */,
			);
			name = Products;
			sourceTree = "<group>";
		};
		4914788218E3996C0083871D /* Frameworks */ = {
			isa = PBXGroup;
			children = (
				4914788318E3996C0083871D /* Foundation.framework */,
				4914788518E3996C0083871D /* CoreGraphics.framework */,
				4914788718E3996C0083871D /* UIKit.framework */,
				4914788918E3996C0083871D /* CoreData.framework */,
				491478AA18E3996C0083871D /* XCTest.framework */,
			);
			name = Frameworks;
			sourceTree = "<group>";
		};
		4914788B18E3996C0083871D /* CoreDataExample */ = {
			isa = PBXGroup;
			children = (
				4953FE0A18E60C2D00792F85 /* Controller */,
				4953FE0918E60C1C00792F85 /* View */,
				4953FE0818E60C1300792F85 /* Model */,
				4914789418E3996C0083871D /* AppDelegate.h */,
				4914789518E3996C0083871D /* AppDelegate.m */,
				491478A318E3996C0083871D /* Images.xcassets */,
				4914788C18E3996C0083871D /* Supporting Files */,
			);
			path = CoreDataExample;
			sourceTree = "<group>";
		};
		4914788C18E3996C0083871D /* Supporting Files */ = {
			isa = PBXGroup;
			children = (
				4914788D18E3996C0083871D /* CoreDataExample-Info.plist */,
				4914788E18E3996C0083871D /* InfoPlist.strings */,
				4914789118E3996C0083871D /* main.m */,
				4914789318E3996C0083871D /* CoreDataExample-Prefix.pch */,
			);
			name = "Supporting Files";
			sourceTree = "<group>";
		};
		491478B118E3996C0083871D /* CoreDataExampleTests */ = {
			isa = PBXGroup;
			children = (
				491478B718E3996C0083871D /* CoreDataExampleTests.m */,
				491478B218E3996C0083871D /* Supporting Files */,
			);
			path = CoreDataExampleTests;
			sourceTree = "<group>";
		};
		491478B218E3996C0083871D /* Supporting Files */ = {
			isa = PBXGroup;
			children = (
				491478B318E3996C0083871D /* CoreDataExampleTests-Info.plist */,
				491478B418E3996C0083871D /* InfoPlist.strings */,
			);
			name = "Supporting Files";
			sourceTree = "<group>";
		};
		4953FE0818E60C1300792F85 /* Model */ = {
			isa = PBXGroup;
			children = (
				4914789A18E3996C0083871D /* CoreDataExample.xcdatamodeld */,
				4953FE0B18E6343400792F85 /* Contact.h */,
				4953FE0C18E6343400792F85 /* Contact.m */,
			);
			name = Model;
			sourceTree = "<group>";
		};
		4953FE0918E60C1C00792F85 /* View */ = {
			isa = PBXGroup;
			children = (
				4914789718E3996C0083871D /* Main.storyboard */,
			);
			name = View;
			sourceTree = "<group>";
		};
		4953FE0A18E60C2D00792F85 /* Controller */ = {
			isa = PBXGroup;
			children = (
				4953FE0E18E635A100792F85 /* CoreDataTableViewController.h */,
				4953FE0F18E635A100792F85 /* CoreDataTableViewController.m */,
				4914789D18E3996C0083871D /* MasterViewController.h */,
				4914789E18E3996C0083871D /* MasterViewController.m */,
				491478A018E3996C0083871D /* DetailViewController.h */,
				491478A118E3996C0083871D /* DetailViewController.m */,
			);
			name = Controller;
			sourceTree = "<group>";
		};
/* End PBXGroup section */

/* Begin PBXNativeTarget section */
		4914787F18E3996C0083871D /* CoreDataExample */ = {
			isa = PBXNativeTarget;
			buildConfigurationList = 491478BB18E3996C0083871D /* Build configuration list for PBXNativeTarget "CoreDataExample" */;
			buildPhases = (
				4914787C18E3996C0083871D /* Sources */,
				4914787D18E3996C0083871D /* Frameworks */,
				4914787E18E3996C0083871D /* Resources */,
			);
			buildRules = (
			);
			dependencies = (
			);
			name = CoreDataExample;
			productName = CoreDataExample;
			productReference = 4914788018E3996C0083871D /* CoreDataExample.app */;
			productType = "com.apple.product-type.application";
		};
		491478A818E3996C0083871D /* CoreDataExampleTests */ = {
			isa = PBXNativeTarget;
			buildConfigurationList = 491478BE18E3996C0083871D /* Build configuration list for PBXNativeTarget "CoreDataExampleTests" */;
			buildPhases = (
				491478A518E3996C0083871D /* Sources */,
				491478A618E3996C0083871D /* Frameworks */,
				491478A718E3996C0083871D /* Resources */,
			);
			buildRules = (
			);
			dependencies = (
				491478B018E3996C0083871D /* PBXTargetDependency */,
			);
			name = CoreDataExampleTests;
			productName = CoreDataExampleTests;
			productReference = 491478A918E3996C0083871D /* CoreDataExampleTests.xctest */;
			productType = "com.apple.product-type.bundle.unit-test";
		};
/* End PBXNativeTarget section */

/* Begin PBXProject section */
		4914787818E3996C0083871D /* Project object */ = {
			isa = PBXProject;
			attributes = {
				LastUpgradeCheck = 0500;
				ORGANIZATIONNAME = "Cesar Perez Laguna";
				TargetAttributes = {
					491478A818E3996C0083871D = {
						TestTargetID = 4914787F18E3996C0083871D;
					};
				};
			};
			buildConfigurationList = 4914787B18E3996C0083871D /* Build configuration list for PBXProject "CoreDataExample" */;
			compatibilityVersion = "Xcode 3.2";
			developmentRegion = English;
			hasScannedForEncodings = 0;
			knownRegions = (
				en,
				Base,
			);
			mainGroup = 4914787718E3996C0083871D;
			productRefGroup = 4914788118E3996C0083871D /* Products */;
			projectDirPath = "";
			projectRoot = "";
			targets = (
				4914787F18E3996C0083871D /* CoreDataExample */,
				491478A818E3996C0083871D /* CoreDataExampleTests */,
			);
		};
/* End PBXProject section */

/* Begin PBXResourcesBuildPhase section */
		4914787E18E3996C0083871D /* Resources */ = {
			isa = PBXResourcesBuildPhase;
			buildActionMask = 2147483647;
			files = (
				491478A418E3996C0083871D /* Images.xcassets in Resources */,
				4914789018E3996C0083871D /* InfoPlist.strings in Resources */,
				4914789918E3996C0083871D /* Main.storyboard in Resources */,
			);
			runOnlyForDeploymentPostprocessing = 0;
		};
		491478A718E3996C0083871D /* Resources */ = {
			isa = PBXResourcesBuildPhase;
			buildActionMask = 2147483647;
			files = (
				491478B618E3996C0083871D /* InfoPlist.strings in Resources */,
			);
			runOnlyForDeploymentPostprocessing = 0;
		};
/* End PBXResourcesBuildPhase section */

/* Begin PBXSourcesBuildPhase section */
		4914787C18E3996C0083871D /* Sources */ = {
			isa = PBXSourcesBuildPhase;
			buildActionMask = 2147483647;
			files = (
				491478A218E3996C0083871D /* DetailViewController.m in Sources */,
				4914789F18E3996C0083871D /* MasterViewController.m in Sources */,
				4953FE1018E635A100792F85 /* CoreDataTableViewController.m in Sources */,
				4914789618E3996C0083871D /* AppDelegate.m in Sources */,
				4914789218E3996C0083871D /* main.m in Sources */,
				4953FE0D18E6343400792F85 /* Contact.m in Sources */,
				4914789C18E3996C0083871D /* CoreDataExample.xcdatamodeld in Sources */,
			);
			runOnlyForDeploymentPostprocessing = 0;
		};
		491478A518E3996C0083871D /* Sources */ = {
			isa = PBXSourcesBuildPhase;
			buildActionMask = 2147483647;
			files = (
				491478B818E3996C0083871D /* CoreDataExampleTests.m in Sources */,
			);
			runOnlyForDeploymentPostprocessing = 0;
		};
/* End PBXSourcesBuildPhase section */

/* Begin PBXTargetDependency section */
		491478B018E3996C0083871D /* PBXTargetDependency */ = {
			isa = PBXTargetDependency;
			target = 4914787F18E3996C0083871D /* CoreDataExample */;
			targetProxy = 491478AF18E3996C0083871D /* PBXContainerItemProxy */;
		};
/* End PBXTargetDependency section */

/* Begin PBXVariantGroup section */
		4914788E18E3996C0083871D /* InfoPlist.strings */ = {
			isa = PBXVariantGroup;
			children = (
				4914788F18E3996C0083871D /* en */,
			);
			name = InfoPlist.strings;
			sourceTree = "<group>";
		};
		4914789718E3996C0083871D /* Main.storyboard */ = {
			isa = PBXVariantGroup;
			children = (
				4914789818E3996C0083871D /* Base */,
			);
			name = Main.storyboard;
			sourceTree = "<group>";
		};
		491478B418E3996C0083871D /* InfoPlist.strings */ = {
			isa = PBXVariantGroup;
			children = (
				491478B518E3996C0083871D /* en */,
			);
			name = InfoPlist.strings;
			sourceTree = "<group>";
		};
/* End PBXVariantGroup section */

/* Begin XCBuildConfiguration section */
		491478B918E3996C0083871D /* Debug */ = {
			isa = XCBuildConfiguration;
			buildSettings = {
				ALWAYS_SEARCH_USER_PATHS = NO;
				ARCHS = "$(ARCHS_STANDARD_INCLUDING_64_BIT)";
				CLANG_CXX_LANGUAGE_STANDARD = "gnu++0x";
				CLANG_CXX_LIBRARY = "libc++";
				CLANG_ENABLE_MODULES = YES;
				CLANG_ENABLE_OBJC_ARC = YES;
				CLANG_WARN_BOOL_CONVERSION = YES;
				CLANG_WARN_CONSTANT_CONVERSION = YES;
				CLANG_WARN_DIRECT_OBJC_ISA_USAGE = YES_ERROR;
				CLANG_WARN_EMPTY_BODY = YES;
				CLANG_WARN_ENUM_CONVERSION = YES;
				CLANG_WARN_INT_CONVERSION = YES;
				CLANG_WARN_OBJC_ROOT_CLASS = YES_ERROR;
				CLANG_WARN__DUPLICATE_METHOD_MATCH = YES;
				"CODE_SIGN_IDENTITY[sdk=iphoneos*]" = "iPhone Developer";
				COPY_PHASE_STRIP = NO;
				GCC_C_LANGUAGE_STANDARD = gnu99;
				GCC_DYNAMIC_NO_PIC = NO;
				GCC_OPTIMIZATION_LEVEL = 0;
				GCC_PREPROCESSOR_DEFINITIONS = (
					"DEBUG=1",
					"$(inherited)",
				);
				GCC_SYMBOLS_PRIVATE_EXTERN = NO;
				GCC_WARN_64_TO_32_BIT_CONVERSION = YES;
				GCC_WARN_ABOUT_RETURN_TYPE = YES_ERROR;
				GCC_WARN_UNDECLARED_SELECTOR = YES;
				GCC_WARN_UNINITIALIZED_AUTOS = YES;
				GCC_WARN_UNUSED_FUNCTION = YES;
				GCC_WARN_UNUSED_VARIABLE = YES;
				IPHONEOS_DEPLOYMENT_TARGET = 7.0;
				ONLY_ACTIVE_ARCH = YES;
				SDKROOT = iphoneos;
			};
			name = Debug;
		};
		491478BA18E3996C0083871D /* Release */ = {
			isa = XCBuildConfiguration;
			buildSettings = {
				ALWAYS_SEARCH_USER_PATHS = NO;
				ARCHS = "$(ARCHS_STANDARD_INCLUDING_64_BIT)";
				CLANG_CXX_LANGUAGE_STANDARD = "gnu++0x";
				CLANG_CXX_LIBRARY = "libc++";
				CLANG_ENABLE_MODULES = YES;
				CLANG_ENABLE_OBJC_ARC = YES;
				CLANG_WARN_BOOL_CONVERSION = YES;
				CLANG_WARN_CONSTANT_CONVERSION = YES;
				CLANG_WARN_DIRECT_OBJC_ISA_USAGE = YES_ERROR;
				CLANG_WARN_EMPTY_BODY = YES;
				CLANG_WARN_ENUM_CONVERSION = YES;
				CLANG_WARN_INT_CONVERSION = YES;
				CLANG_WARN_OBJC_ROOT_CLASS = YES_ERROR;
				CLANG_WARN__DUPLICATE_METHOD_MATCH = YES;
				"CODE_SIGN_IDENTITY[sdk=iphoneos*]" = "iPhone Developer";
				COPY_PHASE_STRIP = YES;
				ENABLE_NS_ASSERTIONS = NO;
				GCC_C_LANGUAGE_STANDARD = gnu99;
				GCC_WARN_64_TO_32_BIT_CONVERSION = YES;
				GCC_WARN_ABOUT_RETURN_TYPE = YES_ERROR;
				GCC_WARN_UNDECLARED_SELECTOR = YES;
				GCC_WARN_UNINITIALIZED_AUTOS = YES;
				GCC_WARN_UNUSED_FUNCTION = YES;
				GCC_WARN_UNUSED_VARIABLE = YES;
				IPHONEOS_DEPLOYMENT_TARGET = 7.0;
				SDKROOT = iphoneos;
				VALIDATE_PRODUCT = YES;
			};
			name = Release;
		};
		491478BC18E3996C0083871D /* Debug */ = {
			isa = XCBuildConfiguration;
			buildSettings = {
				ASSETCATALOG_COMPILER_APPICON_NAME = AppIcon;
				ASSETCATALOG_COMPILER_LAUNCHIMAGE_NAME = LaunchImage;
				GCC_PRECOMPILE_PREFIX_HEADER = YES;
				GCC_PREFIX_HEADER = "CoreDataExample/CoreDataExample-Prefix.pch";
				INFOPLIST_FILE = "CoreDataExample/CoreDataExample-Info.plist";
				PRODUCT_NAME = "$(TARGET_NAME)";
				WRAPPER_EXTENSION = app;
			};
			name = Debug;
		};
		491478BD18E3996C0083871D /* Release */ = {
			isa = XCBuildConfiguration;
			buildSettings = {
				ASSETCATALOG_COMPILER_APPICON_NAME = AppIcon;
				ASSETCATALOG_COMPILER_LAUNCHIMAGE_NAME = LaunchImage;
				GCC_PRECOMPILE_PREFIX_HEADER = YES;
				GCC_PREFIX_HEADER = "CoreDataExample/CoreDataExample-Prefix.pch";
				INFOPLIST_FILE = "CoreDataExample/CoreDataExample-Info.plist";
				PRODUCT_NAME = "$(TARGET_NAME)";
				WRAPPER_EXTENSION = app;
			};
			name = Release;
		};
		491478BF18E3996C0083871D /* Debug */ = {
			isa = XCBuildConfiguration;
			buildSettings = {
				ARCHS = "$(ARCHS_STANDARD_INCLUDING_64_BIT)";
				BUNDLE_LOADER = "$(BUILT_PRODUCTS_DIR)/CoreDataExample.app/CoreDataExample";
				FRAMEWORK_SEARCH_PATHS = (
					"$(SDKROOT)/Developer/Library/Frameworks",
					"$(inherited)",
					"$(DEVELOPER_FRAMEWORKS_DIR)",
				);
				GCC_PRECOMPILE_PREFIX_HEADER = YES;
				GCC_PREFIX_HEADER = "CoreDataExample/CoreDataExample-Prefix.pch";
				GCC_PREPROCESSOR_DEFINITIONS = (
					"DEBUG=1",
					"$(inherited)",
				);
				INFOPLIST_FILE = "CoreDataExampleTests/CoreDataExampleTests-Info.plist";
				PRODUCT_NAME = "$(TARGET_NAME)";
				TEST_HOST = "$(BUNDLE_LOADER)";
				WRAPPER_EXTENSION = xctest;
			};
			name = Debug;
		};
		491478C018E3996C0083871D /* Release */ = {
			isa = XCBuildConfiguration;
			buildSettings = {
				ARCHS = "$(ARCHS_STANDARD_INCLUDING_64_BIT)";
				BUNDLE_LOADER = "$(BUILT_PRODUCTS_DIR)/CoreDataExample.app/CoreDataExample";
				FRAMEWORK_SEARCH_PATHS = (
					"$(SDKROOT)/Developer/Library/Frameworks",
					"$(inherited)",
					"$(DEVELOPER_FRAMEWORKS_DIR)",
				);
				GCC_PRECOMPILE_PREFIX_HEADER = YES;
				GCC_PREFIX_HEADER = "CoreDataExample/CoreDataExample-Prefix.pch";
				INFOPLIST_FILE = "CoreDataExampleTests/CoreDataExampleTests-Info.plist";
				PRODUCT_NAME = "$(TARGET_NAME)";
				TEST_HOST = "$(BUNDLE_LOADER)";
				WRAPPER_EXTENSION = xctest;
			};
			name = Release;
		};
/* End XCBuildConfiguration section */

/* Begin XCConfigurationList section */
		4914787B18E3996C0083871D /* Build configuration list for PBXProject "CoreDataExample" */ = {
			isa = XCConfigurationList;
			buildConfigurations = (
				491478B918E3996C0083871D /* Debug */,
				491478BA18E3996C0083871D /* Release */,
			);
			defaultConfigurationIsVisible = 0;
			defaultConfigurationName = Release;
		};
		491478BB18E3996C0083871D /* Build configuration list for PBXNativeTarget "CoreDataExample" */ = {
			isa = XCConfigurationList;
			buildConfigurations = (
				491478BC18E3996C0083871D /* Debug */,
				491478BD18E3996C0083871D /* Release */,
			);
			defaultConfigurationIsVisible = 0;
			defaultConfigurationName = Release;
		};
		491478BE18E3996C0083871D /* Build configuration list for PBXNativeTarget "CoreDataExampleTests" */ = {
			isa = XCConfigurationList;
			buildConfigurations = (
				491478BF18E3996C0083871D /* Debug */,
				491478C018E3996C0083871D /* Release */,
			);
			defaultConfigurationIsVisible = 0;
			defaultConfigurationName = Release;
		};
/* End XCConfigurationList section */

/* Begin XCVersionGroup section */
		4914789A18E3996C0083871D /* CoreDataExample.xcdatamodeld */ = {
			isa = XCVersionGroup;
			children = (
				4914789B18E3996C0083871D /* CoreDataExample.xcdatamodel */,
			);
			currentVersion = 4914789B18E3996C0083871D /* CoreDataExample.xcdatamodel */;
			path = CoreDataExample.xcdatamodeld;
			sourceTree = "<group>";
			versionGroupType = wrapper.xcdatamodel;
		};
/* End XCVersionGroup section */
	};
	rootObject = 4914787818E3996C0083871D /* Project object */;
}
